
Microsoft Visual Studio Solution File, Format Version 12.00
# Visual Studio Version 17
VisualStudioVersion = 17.1.32328.378
MinimumVisualStudioVersion = 10.0.40219.1
Project("{8BC9CEB8-8B4A-11D0-8D11-00A0C91BC942}") = "OpenGL4_5Framework", "OpenGL4_5Framework\OpenGL4_5Framework.vcxproj", "{15B980D2-6836-4228-867B-10376D3929F9}"
EndProject
Global
	GlobalSection(SolutionConfigurationPlatforms) = preSolution
		Debug|Win32 = Debug|Win32
		Debug|x64 = Debug|x64
		Release|Win32 = Release|Win32
		Release|x64 = Release|x64
	EndGlobalSection
	GlobalSection(ProjectConfigurationPlatforms) = postSolution
		{15B980D2-6836-4228-867B-10376D3929F9}.Debug|Win32.ActiveCfg = Debug|Win32
		{15B980D2-6836-4228-867B-10376D3929F9}.Debug|Win32.Build.0 = Debug|Win32
		{15B980D2-6836-4228-867B-10376D3929F9}.Debug|x64.ActiveCfg = Debug|x64
		{15B980D2-6836-4228-867B-10376D3929F9}.Debug|x64.Build.0 = Debug|x64
		{15B980D2-6836-4228-867B-10376D3929F9}.Release|Win32.ActiveCfg = Release|Win32
		{15B980D2-6836-4228-867B-10376D3929F9}.Release|Win32.Build.0 = Release|Win32
		{15B980D2-6836-4228-867B-10376D3929F9}.Release|x64.ActiveCfg = Release|x64
		{15B980D2-6836-4228-867B-10376D3929F9}.Release|x64.Build.0 = Release|x64
	EndGlobalSection
	GlobalSection(SolutionProperties) = preSolution
		HideSolutionNode = FALSE
	EndGlobalSection
	GlobalSection(ExtensibilityGlobals) = postSolution
		SolutionGuid = {8695A430-8F74-44A3-BA35-F3A0F5AD8FDC}
	EndGlobalSection
EndGlobal
